// !$*UTF8*$!
{
	archiveVersion = 1;
	classes = {
	};
	objectVersion = 56;
	objects = {

/* Begin PBXBuildFile section */
		B6224B472A2FA8C400670044 /* Array-SafeIndex.swift in Sources */ = {isa = PBXBuildFile; fileRef = B6224B462A2FA8C400670044 /* Array-SafeIndex.swift */; };
		B6224B4A2A2FA97300670044 /* SearchTextField.swift in Sources */ = {isa = PBXBuildFile; fileRef = B6224B492A2FA97300670044 /* SearchTextField.swift */; };
		B6224B4C2A2FACA100670044 /* ItemListView.swift in Sources */ = {isa = PBXBuildFile; fileRef = B6224B4B2A2FACA100670044 /* ItemListView.swift */; };
		B6224B4E2A2FAE3200670044 /* ItemAddView.swift in Sources */ = {isa = PBXBuildFile; fileRef = B6224B4D2A2FAE3200670044 /* ItemAddView.swift */; };
		B6224B502A2FAF7400670044 /* String-isValidEmail.swift in Sources */ = {isa = PBXBuildFile; fileRef = B6224B4F2A2FAF7400670044 /* String-isValidEmail.swift */; };
		B6224B522A2FAFA800670044 /* SearchView.swift in Sources */ = {isa = PBXBuildFile; fileRef = B6224B512A2FAFA800670044 /* SearchView.swift */; };
		B6224B542A2FDCC500670044 /* ItemSelectionController.swift in Sources */ = {isa = PBXBuildFile; fileRef = B6224B532A2FDCC500670044 /* ItemSelectionController.swift */; };
		B6224B562A2FDDCA00670044 /* ItemSelectionView.swift in Sources */ = {isa = PBXBuildFile; fileRef = B6224B552A2FDDCA00670044 /* ItemSelectionView.swift */; };
		B65BF0042A2F4178009B32CC /* FeedbackAssistantDemo15App.swift in Sources */ = {isa = PBXBuildFile; fileRef = B65BF0032A2F4178009B32CC /* FeedbackAssistantDemo15App.swift */; };
		B65BF0062A2F4178009B32CC /* Item.swift in Sources */ = {isa = PBXBuildFile; fileRef = B65BF0052A2F4178009B32CC /* Item.swift */; };
		B65BF0082A2F4178009B32CC /* ContentView.swift in Sources */ = {isa = PBXBuildFile; fileRef = B65BF0072A2F4178009B32CC /* ContentView.swift */; };
		B65BF00A2A2F4179009B32CC /* Assets.xcassets in Resources */ = {isa = PBXBuildFile; fileRef = B65BF0092A2F4179009B32CC /* Assets.xcassets */; };
		B65BF00E2A2F4179009B32CC /* Preview Assets.xcassets in Resources */ = {isa = PBXBuildFile; fileRef = B65BF00D2A2F4179009B32CC /* Preview Assets.xcassets */; };
/* End PBXBuildFile section */

/* Begin PBXFileReference section */
		B6224B462A2FA8C400670044 /* Array-SafeIndex.swift */ = {isa = PBXFileReference; lastKnownFileType = sourcecode.swift; path = "Array-SafeIndex.swift"; sourceTree = "<group>"; };
		B6224B492A2FA97300670044 /* SearchTextField.swift */ = {isa = PBXFileReference; lastKnownFileType = sourcecode.swift; path = SearchTextField.swift; sourceTree = "<group>"; };
		B6224B4B2A2FACA100670044 /* ItemListView.swift */ = {isa = PBXFileReference; lastKnownFileType = sourcecode.swift; path = ItemListView.swift; sourceTree = "<group>"; };
		B6224B4D2A2FAE3200670044 /* ItemAddView.swift */ = {isa = PBXFileReference; lastKnownFileType = sourcecode.swift; path = ItemAddView.swift; sourceTree = "<group>"; };
		B6224B4F2A2FAF7400670044 /* String-isValidEmail.swift */ = {isa = PBXFileReference; lastKnownFileType = sourcecode.swift; path = "String-isValidEmail.swift"; sourceTree = "<group>"; };
		B6224B512A2FAFA800670044 /* SearchView.swift */ = {isa = PBXFileReference; lastKnownFileType = sourcecode.swift; path = SearchView.swift; sourceTree = "<group>"; };
		B6224B532A2FDCC500670044 /* ItemSelectionController.swift */ = {isa = PBXFileReference; lastKnownFileType = sourcecode.swift; path = ItemSelectionController.swift; sourceTree = "<group>"; };
		B6224B552A2FDDCA00670044 /* ItemSelectionView.swift */ = {isa = PBXFileReference; lastKnownFileType = sourcecode.swift; path = ItemSelectionView.swift; sourceTree = "<group>"; };
		B65BF0002A2F4178009B32CC /* FeedbackAssistantDemo15.app */ = {isa = PBXFileReference; explicitFileType = wrapper.application; includeInIndex = 0; path = FeedbackAssistantDemo15.app; sourceTree = BUILT_PRODUCTS_DIR; };
		B65BF0032A2F4178009B32CC /* FeedbackAssistantDemo15App.swift */ = {isa = PBXFileReference; lastKnownFileType = sourcecode.swift; path = FeedbackAssistantDemo15App.swift; sourceTree = "<group>"; };
		B65BF0052A2F4178009B32CC /* Item.swift */ = {isa = PBXFileReference; lastKnownFileType = sourcecode.swift; path = Item.swift; sourceTree = "<group>"; };
		B65BF0072A2F4178009B32CC /* ContentView.swift */ = {isa = PBXFileReference; lastKnownFileType = sourcecode.swift; path = ContentView.swift; sourceTree = "<group>"; };
		B65BF0092A2F4179009B32CC /* Assets.xcassets */ = {isa = PBXFileReference; lastKnownFileType = folder.assetcatalog; path = Assets.xcassets; sourceTree = "<group>"; };
		B65BF00B2A2F4179009B32CC /* FeedbackAssistantDemo15.entitlements */ = {isa = PBXFileReference; lastKnownFileType = text.plist.entitlements; path = FeedbackAssistantDemo15.entitlements; sourceTree = "<group>"; };
		B65BF00D2A2F4179009B32CC /* Preview Assets.xcassets */ = {isa = PBXFileReference; lastKnownFileType = folder.assetcatalog; path = "Preview Assets.xcassets"; sourceTree = "<group>"; };
		B65BF00F2A2F4179009B32CC /* Info.plist */ = {isa = PBXFileReference; lastKnownFileType = text.plist.xml; path = Info.plist; sourceTree = "<group>"; };
/* End PBXFileReference section */

/* Begin PBXFrameworksBuildPhase section */
		B65BEFFD2A2F4178009B32CC /* Frameworks */ = {
			isa = PBXFrameworksBuildPhase;
			buildActionMask = 2147483647;
			files = (
			);
			runOnlyForDeploymentPostprocessing = 0;
		};
/* End PBXFrameworksBuildPhase section */

/* Begin PBXGroup section */
		B6224B432A2FA84C00670044 /* Item */ = {
			isa = PBXGroup;
			children = (
				B65BF0052A2F4178009B32CC /* Item.swift */,
				B6224B4B2A2FACA100670044 /* ItemListView.swift */,
				B6224B4D2A2FAE3200670044 /* ItemAddView.swift */,
				B6224B532A2FDCC500670044 /* ItemSelectionController.swift */,
				B6224B552A2FDDCA00670044 /* ItemSelectionView.swift */,
			);
			path = Item;
			sourceTree = "<group>";
		};
		B6224B442A2FA85E00670044 /* Main */ = {
			isa = PBXGroup;
			children = (
				B65BF0072A2F4178009B32CC /* ContentView.swift */,
				B65BF0032A2F4178009B32CC /* FeedbackAssistantDemo15App.swift */,
			);
			path = Main;
			sourceTree = "<group>";
		};
		B6224B452A2FA8B600670044 /* Extensions */ = {
			isa = PBXGroup;
			children = (
				B6224B462A2FA8C400670044 /* Array-SafeIndex.swift */,
				B6224B4F2A2FAF7400670044 /* String-isValidEmail.swift */,
			);
			path = Extensions;
			sourceTree = "<group>";
		};
		B6224B482A2FA96200670044 /* Search */ = {
			isa = PBXGroup;
			children = (
				B6224B492A2FA97300670044 /* SearchTextField.swift */,
				B6224B512A2FAFA800670044 /* SearchView.swift */,
			);
			path = Search;
			sourceTree = "<group>";
		};
		B65BEFF72A2F4178009B32CC = {
			isa = PBXGroup;
			children = (
				B65BF0022A2F4178009B32CC /* FeedbackAssistantDemo15 */,
				B65BF0012A2F4178009B32CC /* Products */,
			);
			sourceTree = "<group>";
		};
		B65BF0012A2F4178009B32CC /* Products */ = {
			isa = PBXGroup;
			children = (
				B65BF0002A2F4178009B32CC /* FeedbackAssistantDemo15.app */,
			);
			name = Products;
			sourceTree = "<group>";
		};
		B65BF0022A2F4178009B32CC /* FeedbackAssistantDemo15 */ = {
			isa = PBXGroup;
			children = (
				B65BF00B2A2F4179009B32CC /* FeedbackAssistantDemo15.entitlements */,
				B65BF00F2A2F4179009B32CC /* Info.plist */,
				B65BF0092A2F4179009B32CC /* Assets.xcassets */,
				B6224B452A2FA8B600670044 /* Extensions */,
				B6224B432A2FA84C00670044 /* Item */,
				B6224B442A2FA85E00670044 /* Main */,
				B65BF00C2A2F4179009B32CC /* Preview Content */,
				B6224B482A2FA96200670044 /* Search */,
			);
			path = FeedbackAssistantDemo15;
			sourceTree = "<group>";
		};
		B65BF00C2A2F4179009B32CC /* Preview Content */ = {
			isa = PBXGroup;
			children = (
				B65BF00D2A2F4179009B32CC /* Preview Assets.xcassets */,
			);
			path = "Preview Content";
			sourceTree = "<group>";
		};
/* End PBXGroup section */

/* Begin PBXNativeTarget section */
		B65BEFFF2A2F4178009B32CC /* FeedbackAssistantDemo15 */ = {
			isa = PBXNativeTarget;
			buildConfigurationList = B65BF0122A2F4179009B32CC /* Build configuration list for PBXNativeTarget "FeedbackAssistantDemo15" */;
			buildPhases = (
				B65BEFFC2A2F4178009B32CC /* Sources */,
				B65BEFFD2A2F4178009B32CC /* Frameworks */,
				B65BEFFE2A2F4178009B32CC /* Resources */,
			);
			buildRules = (
			);
			dependencies = (
			);
			name = FeedbackAssistantDemo15;
			productName = FeedbackAssistantDemo15;
			productReference = B65BF0002A2F4178009B32CC /* FeedbackAssistantDemo15.app */;
			productType = "com.apple.product-type.application";
		};
/* End PBXNativeTarget section */

/* Begin PBXProject section */
		B65BEFF82A2F4178009B32CC /* Project object */ = {
			isa = PBXProject;
			attributes = {
				BuildIndependentTargetsInParallel = 1;
				LastSwiftUpdateCheck = 1500;
				LastUpgradeCheck = 1500;
				TargetAttributes = {
					B65BEFFF2A2F4178009B32CC = {
						CreatedOnToolsVersion = 15.0;
					};
				};
			};
			buildConfigurationList = B65BEFFB2A2F4178009B32CC /* Build configuration list for PBXProject "FeedbackAssistantDemo15" */;
			compatibilityVersion = "Xcode 14.0";
			developmentRegion = en;
			hasScannedForEncodings = 0;
			knownRegions = (
				en,
				Base,
			);
			mainGroup = B65BEFF72A2F4178009B32CC;
			productRefGroup = B65BF0012A2F4178009B32CC /* Products */;
			projectDirPath = "";
			projectRoot = "";
			targets = (
				B65BEFFF2A2F4178009B32CC /* FeedbackAssistantDemo15 */,
			);
		};
/* End PBXProject section */

/* Begin PBXResourcesBuildPhase section */
		B65BEFFE2A2F4178009B32CC /* Resources */ = {
			isa = PBXResourcesBuildPhase;
			buildActionMask = 2147483647;
			files = (
				B65BF00E2A2F4179009B32CC /* Preview Assets.xcassets in Resources */,
				B65BF00A2A2F4179009B32CC /* Assets.xcassets in Resources */,
			);
			runOnlyForDeploymentPostprocessing = 0;
		};
/* End PBXResourcesBuildPhase section */

/* Begin PBXSourcesBuildPhase section */
		B65BEFFC2A2F4178009B32CC /* Sources */ = {
			isa = PBXSourcesBuildPhase;
			buildActionMask = 2147483647;
			files = (
				B65BF0062A2F4178009B32CC /* Item.swift in Sources */,
				B6224B542A2FDCC500670044 /* ItemSelectionController.swift in Sources */,
				B6224B522A2FAFA800670044 /* SearchView.swift in Sources */,
				B6224B4C2A2FACA100670044 /* ItemListView.swift in Sources */,
				B6224B562A2FDDCA00670044 /* ItemSelectionView.swift in Sources */,
				B65BF0042A2F4178009B32CC /* FeedbackAssistantDemo15App.swift in Sources */,
				B65BF0082A2F4178009B32CC /* ContentView.swift in Sources */,
				B6224B502A2FAF7400670044 /* String-isValidEmail.swift in Sources */,
				B6224B472A2FA8C400670044 /* Array-SafeIndex.swift in Sources */,
				B6224B4E2A2FAE3200670044 /* ItemAddView.swift in Sources */,
				B6224B4A2A2FA97300670044 /* SearchTextField.swift in Sources */,
			);
			runOnlyForDeploymentPostprocessing = 0;
		};
/* End PBXSourcesBuildPhase section */

/* Begin XCBuildConfiguration section */
		B65BF0102A2F4179009B32CC /* Debug */ = {
			isa = XCBuildConfiguration;
			buildSettings = {
				ALWAYS_SEARCH_USER_PATHS = NO;
				ASSETCATALOG_COMPILER_GENERATE_SWIFT_ASSET_SYMBOL_EXTENSIONS = YES;
				CLANG_ANALYZER_NONNULL = YES;
				CLANG_ANALYZER_NUMBER_OBJECT_CONVERSION = YES_AGGRESSIVE;
				CLANG_CXX_LANGUAGE_STANDARD = "gnu++20";
				CLANG_ENABLE_MODULES = YES;
				CLANG_ENABLE_OBJC_ARC = YES;
				CLANG_ENABLE_OBJC_WEAK = YES;
				CLANG_WARN_BLOCK_CAPTURE_AUTORELEASING = YES;
				CLANG_WARN_BOOL_CONVERSION = YES;
				CLANG_WARN_COMMA = YES;
				CLANG_WARN_CONSTANT_CONVERSION = YES;
				CLANG_WARN_DEPRECATED_OBJC_IMPLEMENTATIONS = YES;
				CLANG_WARN_DIRECT_OBJC_ISA_USAGE = YES_ERROR;
				CLANG_WARN_DOCUMENTATION_COMMENTS = YES;
				CLANG_WARN_EMPTY_BODY = YES;
				CLANG_WARN_ENUM_CONVERSION = YES;
				CLANG_WARN_INFINITE_RECURSION = YES;
				CLANG_WARN_INT_CONVERSION = YES;
				CLANG_WARN_NON_LITERAL_NULL_CONVERSION = YES;
				CLANG_WARN_OBJC_IMPLICIT_RETAIN_SELF = YES;
				CLANG_WARN_OBJC_LITERAL_CONVERSION = YES;
				CLANG_WARN_OBJC_ROOT_CLASS = YES_ERROR;
				CLANG_WARN_QUOTED_INCLUDE_IN_FRAMEWORK_HEADER = YES;
				CLANG_WARN_RANGE_LOOP_ANALYSIS = YES;
				CLANG_WARN_STRICT_PROTOTYPES = YES;
				CLANG_WARN_SUSPICIOUS_MOVE = YES;
				CLANG_WARN_UNGUARDED_AVAILABILITY = YES_AGGRESSIVE;
				CLANG_WARN_UNREACHABLE_CODE = YES;
				CLANG_WARN__DUPLICATE_METHOD_MATCH = YES;
				COPY_PHASE_STRIP = NO;
				DEBUG_INFORMATION_FORMAT = dwarf;
				ENABLE_STRICT_OBJC_MSGSEND = YES;
				ENABLE_TESTABILITY = YES;
				ENABLE_USER_SCRIPT_SANDBOXING = YES;
				GCC_C_LANGUAGE_STANDARD = gnu17;
				GCC_DYNAMIC_NO_PIC = NO;
				GCC_NO_COMMON_BLOCKS = YES;
				GCC_OPTIMIZATION_LEVEL = 0;
				GCC_PREPROCESSOR_DEFINITIONS = (
					"DEBUG=1",
					"$(inherited)",
				);
				GCC_WARN_64_TO_32_BIT_CONVERSION = YES;
				GCC_WARN_ABOUT_RETURN_TYPE = YES_ERROR;
				GCC_WARN_UNDECLARED_SELECTOR = YES;
				GCC_WARN_UNINITIALIZED_AUTOS = YES_AGGRESSIVE;
				GCC_WARN_UNUSED_FUNCTION = YES;
				GCC_WARN_UNUSED_VARIABLE = YES;
				LOCALIZATION_PREFERS_STRING_CATALOGS = YES;
				MTL_ENABLE_DEBUG_INFO = INCLUDE_SOURCE;
				MTL_FAST_MATH = YES;
				ONLY_ACTIVE_ARCH = YES;
				SWIFT_ACTIVE_COMPILATION_CONDITIONS = "DEBUG $(inherited)";
				SWIFT_OPTIMIZATION_LEVEL = "-Onone";
			};
			name = Debug;
		};
		B65BF0112A2F4179009B32CC /* Release */ = {
			isa = XCBuildConfiguration;
			buildSettings = {
				ALWAYS_SEARCH_USER_PATHS = NO;
				ASSETCATALOG_COMPILER_GENERATE_SWIFT_ASSET_SYMBOL_EXTENSIONS = YES;
				CLANG_ANALYZER_NONNULL = YES;
				CLANG_ANALYZER_NUMBER_OBJECT_CONVERSION = YES_AGGRESSIVE;
				CLANG_CXX_LANGUAGE_STANDARD = "gnu++20";
				CLANG_ENABLE_MODULES = YES;
				CLANG_ENABLE_OBJC_ARC = YES;
				CLANG_ENABLE_OBJC_WEAK = YES;
				CLANG_WARN_BLOCK_CAPTURE_AUTORELEASING = YES;
				CLANG_WARN_BOOL_CONVERSION = YES;
				CLANG_WARN_COMMA = YES;
				CLANG_WARN_CONSTANT_CONVERSION = YES;
				CLANG_WARN_DEPRECATED_OBJC_IMPLEMENTATIONS = YES;
				CLANG_WARN_DIRECT_OBJC_ISA_USAGE = YES_ERROR;
				CLANG_WARN_DOCUMENTATION_COMMENTS = YES;
				CLANG_WARN_EMPTY_BODY = YES;
				CLANG_WARN_ENUM_CONVERSION = YES;
				CLANG_WARN_INFINITE_RECURSION = YES;
				CLANG_WARN_INT_CONVERSION = YES;
				CLANG_WARN_NON_LITERAL_NULL_CONVERSION = YES;
				CLANG_WARN_OBJC_IMPLICIT_RETAIN_SELF = YES;
				CLANG_WARN_OBJC_LITERAL_CONVERSION = YES;
				CLANG_WARN_OBJC_ROOT_CLASS = YES_ERROR;
				CLANG_WARN_QUOTED_INCLUDE_IN_FRAMEWORK_HEADER = YES;
				CLANG_WARN_RANGE_LOOP_ANALYSIS = YES;
				CLANG_WARN_STRICT_PROTOTYPES = YES;
				CLANG_WARN_SUSPICIOUS_MOVE = YES;
				CLANG_WARN_UNGUARDED_AVAILABILITY = YES_AGGRESSIVE;
				CLANG_WARN_UNREACHABLE_CODE = YES;
				CLANG_WARN__DUPLICATE_METHOD_MATCH = YES;
				COPY_PHASE_STRIP = NO;
				DEBUG_INFORMATION_FORMAT = "dwarf-with-dsym";
				ENABLE_NS_ASSERTIONS = NO;
				ENABLE_STRICT_OBJC_MSGSEND = YES;
				ENABLE_USER_SCRIPT_SANDBOXING = YES;
				GCC_C_LANGUAGE_STANDARD = gnu17;
				GCC_NO_COMMON_BLOCKS = YES;
				GCC_WARN_64_TO_32_BIT_CONVERSION = YES;
				GCC_WARN_ABOUT_RETURN_TYPE = YES_ERROR;
				GCC_WARN_UNDECLARED_SELECTOR = YES;
				GCC_WARN_UNINITIALIZED_AUTOS = YES_AGGRESSIVE;
				GCC_WARN_UNUSED_FUNCTION = YES;
				GCC_WARN_UNUSED_VARIABLE = YES;
				LOCALIZATION_PREFERS_STRING_CATALOGS = YES;
				MTL_ENABLE_DEBUG_INFO = NO;
				MTL_FAST_MATH = YES;
				SWIFT_COMPILATION_MODE = wholemodule;
			};
			name = Release;
		};
		B65BF0132A2F4179009B32CC /* Debug */ = {
			isa = XCBuildConfiguration;
			buildSettings = {
				ASSETCATALOG_COMPILER_APPICON_NAME = AppIcon;
				ASSETCATALOG_COMPILER_GLOBAL_ACCENT_COLOR_NAME = AccentColor;
				CODE_SIGN_ENTITLEMENTS = FeedbackAssistantDemo15/FeedbackAssistantDemo15.entitlements;
				CODE_SIGN_STYLE = Automatic;
				CURRENT_PROJECT_VERSION = 1;
				DEVELOPMENT_ASSET_PATHS = "\"FeedbackAssistantDemo15/Preview Content\"";
				DEVELOPMENT_TEAM = UWCU35H739;
				ENABLE_HARDENED_RUNTIME = YES;
				ENABLE_PREVIEWS = YES;
				GENERATE_INFOPLIST_FILE = YES;
				INFOPLIST_FILE = FeedbackAssistantDemo15/Info.plist;
				"INFOPLIST_KEY_UIApplicationSceneManifest_Generation[sdk=iphoneos*]" = YES;
				"INFOPLIST_KEY_UIApplicationSceneManifest_Generation[sdk=iphonesimulator*]" = YES;
				"INFOPLIST_KEY_UIApplicationSupportsIndirectInputEvents[sdk=iphoneos*]" = YES;
				"INFOPLIST_KEY_UIApplicationSupportsIndirectInputEvents[sdk=iphonesimulator*]" = YES;
				"INFOPLIST_KEY_UILaunchScreen_Generation[sdk=iphoneos*]" = YES;
				"INFOPLIST_KEY_UILaunchScreen_Generation[sdk=iphonesimulator*]" = YES;
				"INFOPLIST_KEY_UIStatusBarStyle[sdk=iphoneos*]" = UIStatusBarStyleDefault;
				"INFOPLIST_KEY_UIStatusBarStyle[sdk=iphonesimulator*]" = UIStatusBarStyleDefault;
				INFOPLIST_KEY_UISupportedInterfaceOrientations_iPad = "UIInterfaceOrientationPortrait UIInterfaceOrientationPortraitUpsideDown UIInterfaceOrientationLandscapeLeft UIInterfaceOrientationLandscapeRight";
				INFOPLIST_KEY_UISupportedInterfaceOrientations_iPhone = "UIInterfaceOrientationPortrait UIInterfaceOrientationLandscapeLeft UIInterfaceOrientationLandscapeRight";
				IPHONEOS_DEPLOYMENT_TARGET = 17.0;
				LD_RUNPATH_SEARCH_PATHS = "@executable_path/Frameworks";
				"LD_RUNPATH_SEARCH_PATHS[sdk=macosx*]" = "@executable_path/../Frameworks";
				MACOSX_DEPLOYMENT_TARGET = 13.4;
				MARKETING_VERSION = 1.0;
				PRODUCT_BUNDLE_IDENTIFIER = rjheim.FeedbackAssistantDemo15;
				PRODUCT_NAME = "$(TARGET_NAME)";
				SDKROOT = auto;
				SUPPORTED_PLATFORMS = "iphoneos iphonesimulator macosx";
				SWIFT_EMIT_LOC_STRINGS = YES;
				SWIFT_VERSION = 5.0;
				TARGETED_DEVICE_FAMILY = "1,2";
			};
			name = Debug;
		};
		B65BF0142A2F4179009B32CC /* Release */ = {
			isa = XCBuildConfiguration;
			buildSettings = {
				ASSETCATALOG_COMPILER_APPICON_NAME = AppIcon;
				ASSETCATALOG_COMPILER_GLOBAL_ACCENT_COLOR_NAME = AccentColor;
				CODE_SIGN_ENTITLEMENTS = FeedbackAssistantDemo15/FeedbackAssistantDemo15.entitlements;
				CODE_SIGN_STYLE = Automatic;
				CURRENT_PROJECT_VERSION = 1;
				DEVELOPMENT_ASSET_PATHS = "\"FeedbackAssistantDemo15/Preview Content\"";
				DEVELOPMENT_TEAM = UWCU35H739;
				ENABLE_HARDENED_RUNTIME = YES;
				ENABLE_PREVIEWS = YES;
				GENERATE_INFOPLIST_FILE = YES;
				INFOPLIST_FILE = FeedbackAssistantDemo15/Info.plist;
				"INFOPLIST_KEY_UIApplicationSceneManifest_Generation[sdk=iphoneos*]" = YES;
				"INFOPLIST_KEY_UIApplicationSceneManifest_Generation[sdk=iphonesimulator*]" = YES;
				"INFOPLIST_KEY_UIApplicationSupportsIndirectInputEvents[sdk=iphoneos*]" = YES;
				"INFOPLIST_KEY_UIApplicationSupportsIndirectInputEvents[sdk=iphonesimulator*]" = YES;
				"INFOPLIST_KEY_UILaunchScreen_Generation[sdk=iphoneos*]" = YES;
				"INFOPLIST_KEY_UILaunchScreen_Generation[sdk=iphonesimulator*]" = YES;
				"INFOPLIST_KEY_UIStatusBarStyle[sdk=iphoneos*]" = UIStatusBarStyleDefault;
				"INFOPLIST_KEY_UIStatusBarStyle[sdk=iphonesimulator*]" = UIStatusBarStyleDefault;
				INFOPLIST_KEY_UISupportedInterfaceOrientations_iPad = "UIInterfaceOrientationPortrait UIInterfaceOrientationPortraitUpsideDown UIInterfaceOrientationLandscapeLeft UIInterfaceOrientationLandscapeRight";
				INFOPLIST_KEY_UISupportedInterfaceOrientations_iPhone = "UIInterfaceOrientationPortrait UIInterfaceOrientationLandscapeLeft UIInterfaceOrientationLandscapeRight";
				IPHONEOS_DEPLOYMENT_TARGET = 17.0;
				LD_RUNPATH_SEARCH_PATHS = "@executable_path/Frameworks";
				"LD_RUNPATH_SEARCH_PATHS[sdk=macosx*]" = "@executable_path/../Frameworks";
				MACOSX_DEPLOYMENT_TARGET = 13.4;
				MARKETING_VERSION = 1.0;
				PRODUCT_BUNDLE_IDENTIFIER = rjheim.FeedbackAssistantDemo15;
				PRODUCT_NAME = "$(TARGET_NAME)";
				SDKROOT = auto;
				SUPPORTED_PLATFORMS = "iphoneos iphonesimulator macosx";
				SWIFT_EMIT_LOC_STRINGS = YES;
				SWIFT_VERSION = 5.0;
				TARGETED_DEVICE_FAMILY = "1,2";
			};
			name = Release;
		};
/* End XCBuildConfiguration section */

/* Begin XCConfigurationList section */
		B65BEFFB2A2F4178009B32CC /* Build configuration list for PBXProject "FeedbackAssistantDemo15" */ = {
			isa = XCConfigurationList;
			buildConfigurations = (
				B65BF0102A2F4179009B32CC /* Debug */,
				B65BF0112A2F4179009B32CC /* Release */,
			);
			defaultConfigurationIsVisible = 0;
			defaultConfigurationName = Release;
		};
		B65BF0122A2F4179009B32CC /* Build configuration list for PBXNativeTarget "FeedbackAssistantDemo15" */ = {
			isa = XCConfigurationList;
			buildConfigurations = (
				B65BF0132A2F4179009B32CC /* Debug */,
				B65BF0142A2F4179009B32CC /* Release */,
			);
			defaultConfigurationIsVisible = 0;
			defaultConfigurationName = Release;
		};
/* End XCConfigurationList section */
	};
	rootObject = B65BEFF82A2F4178009B32CC /* Project object */;
}
